
Microsoft Visual Studio Solution File, Format Version 12.00
Project("{FAE04EC0-301F-11D3-BF4B-00C04F79EFBC}") = "ExampleRpcServer", "ExampleRpcServer\ExampleRpcServer.csproj", "{B7C0C06A-642B-4724-B6F4-D37B81A5F5A4}"
EndProject
Global
	GlobalSection(SolutionConfigurationPlatforms) = preSolution
		Debug|Any CPU = Debug|Any CPU
		Release|Any CPU = Release|Any CPU
	EndGlobalSection
	GlobalSection(ProjectConfigurationPlatforms) = postSolution
		{B7C0C06A-642B-4724-B6F4-D37B81A5F5A4}.Debug|Any CPU.ActiveCfg = Debug|Any CPU
		{B7C0C06A-642B-4724-B6F4-D37B81A5F5A4}.Debug|Any CPU.Build.0 = Debug|Any CPU
		{B7C0C06A-642B-4724-B6F4-D37B81A5F5A4}.Release|Any CPU.ActiveCfg = Release|Any CPU
		{B7C0C06A-642B-4724-B6F4-D37B81A5F5A4}.Release|Any CPU.Build.0 = Release|Any CPU
	EndGlobalSection
EndGlobal
